
Microsoft Visual Studio Solution File, Format Version 12.00
# Visual Studio Version 17
VisualStudioVersion = 17.6.33712.159
MinimumVisualStudioVersion = 10.0.40219.1
Project("{FAE04EC0-301F-11D3-BF4B-00C04F79EFBC}") = "code-test-api", "code-test-api.csproj", "{8A65E6BA-A0DD-43BA-B7F1-017EC4EE3067}"
EndProject
Global
	GlobalSection(SolutionConfigurationPlatforms) = preSolution
		Debug|Any CPU = Debug|Any CPU
		Release|Any CPU = Release|Any CPU
	EndGlobalSection
	GlobalSection(ProjectConfigurationPlatforms) = postSolution
		{8A65E6BA-A0DD-43BA-B7F1-017EC4EE3067}.Debug|Any CPU.ActiveCfg = Debug|Any CPU
		{8A65E6BA-A0DD-43BA-B7F1-017EC4EE3067}.Debug|Any CPU.Build.0 = Debug|Any CPU
		{8A65E6BA-A0DD-43BA-B7F1-017EC4EE3067}.Release|Any CPU.ActiveCfg = Release|Any CPU
		{8A65E6BA-A0DD-43BA-B7F1-017EC4EE3067}.Release|Any CPU.Build.0 = Release|Any CPU
	EndGlobalSection
	GlobalSection(SolutionProperties) = preSolution
		HideSolutionNode = FALSE
	EndGlobalSection
	GlobalSection(ExtensibilityGlobals) = postSolution
		SolutionGuid = {5677363D-5852-4C16-A537-BD287D47F9B3}
	EndGlobalSection
EndGlobal
